// !$*UTF8*$!
{
	archiveVersion = 1;
	classes = {
	};
	objectVersion = 77;
	objects = {

/* Begin PBXContainerItemProxy section */
		96B807172D3C2FEB00CF3B0B /* PBXContainerItemProxy */ = {
			isa = PBXContainerItemProxy;
			containerPortal = 96B806FE2D3C2FE900CF3B0B /* Project object */;
			proxyType = 1;
			remoteGlobalIDString = 96B807052D3C2FE900CF3B0B;
			remoteInfo = "CSV-Interview";
		};
		96B807212D3C2FEC00CF3B0B /* PBXContainerItemProxy */ = {
			isa = PBXContainerItemProxy;
			containerPortal = 96B806FE2D3C2FE900CF3B0B /* Project object */;
			proxyType = 1;
			remoteGlobalIDString = 96B807052D3C2FE900CF3B0B;
			remoteInfo = "CSV-Interview";
		};
/* End PBXContainerItemProxy section */

/* Begin PBXFileReference section */
		96B807062D3C2FE900CF3B0B /* CSV-Interview.app */ = {isa = PBXFileReference; explicitFileType = wrapper.application; includeInIndex = 0; path = "CSV-Interview.app"; sourceTree = BUILT_PRODUCTS_DIR; };
		96B807162D3C2FEB00CF3B0B /* CSV-InterviewTests.xctest */ = {isa = PBXFileReference; explicitFileType = wrapper.cfbundle; includeInIndex = 0; path = "CSV-InterviewTests.xctest"; sourceTree = BUILT_PRODUCTS_DIR; };
		96B807202D3C2FEC00CF3B0B /* CSV-InterviewUITests.xctest */ = {isa = PBXFileReference; explicitFileType = wrapper.cfbundle; includeInIndex = 0; path = "CSV-InterviewUITests.xctest"; sourceTree = BUILT_PRODUCTS_DIR; };
/* End PBXFileReference section */

/* Begin PBXFileSystemSynchronizedRootGroup section */
		96B807082D3C2FE900CF3B0B /* CSV-Interview */ = {
			isa = PBXFileSystemSynchronizedRootGroup;
			path = "CSV-Interview";
			sourceTree = "<group>";
		};
		96B807192D3C2FEB00CF3B0B /* CSV-InterviewTests */ = {
			isa = PBXFileSystemSynchronizedRootGroup;
			path = "CSV-InterviewTests";
			sourceTree = "<group>";
		};
		96B807232D3C2FEC00CF3B0B /* CSV-InterviewUITests */ = {
			isa = PBXFileSystemSynchronizedRootGroup;
			path = "CSV-InterviewUITests";
			sourceTree = "<group>";
		};
/* End PBXFileSystemSynchronizedRootGroup section */

/* Begin PBXFrameworksBuildPhase section */
		96B807032D3C2FE900CF3B0B /* Frameworks */ = {
			isa = PBXFrameworksBuildPhase;
			buildActionMask = 2147483647;
			files = (
			);
			runOnlyForDeploymentPostprocessing = 0;
		};
		96B807132D3C2FEB00CF3B0B /* Frameworks */ = {
			isa = PBXFrameworksBuildPhase;
			buildActionMask = 2147483647;
			files = (
			);
			runOnlyForDeploymentPostprocessing = 0;
		};
		96B8071D2D3C2FEC00CF3B0B /* Frameworks */ = {
			isa = PBXFrameworksBuildPhase;
			buildActionMask = 2147483647;
			files = (
			);
			runOnlyForDeploymentPostprocessing = 0;
		};
/* End PBXFrameworksBuildPhase section */

/* Begin PBXGroup section */
		96B806FD2D3C2FE900CF3B0B = {
			isa = PBXGroup;
			children = (
				96B807082D3C2FE900CF3B0B /* CSV-Interview */,
				96B807192D3C2FEB00CF3B0B /* CSV-InterviewTests */,
				96B807232D3C2FEC00CF3B0B /* CSV-InterviewUITests */,
				96B807072D3C2FE900CF3B0B /* Products */,
			);
			sourceTree = "<group>";
		};
		96B807072D3C2FE900CF3B0B /* Products */ = {
			isa = PBXGroup;
			children = (
				96B807062D3C2FE900CF3B0B /* CSV-Interview.app */,
				96B807162D3C2FEB00CF3B0B /* CSV-InterviewTests.xctest */,
				96B807202D3C2FEC00CF3B0B /* CSV-InterviewUITests.xctest */,
			);
			name = Products;
			sourceTree = "<group>";
		};
/* End PBXGroup section */

/* Begin PBXNativeTarget section */
		96B807052D3C2FE900CF3B0B /* CSV-Interview */ = {
			isa = PBXNativeTarget;
			buildConfigurationList = 96B8072A2D3C2FEC00CF3B0B /* Build configuration list for PBXNativeTarget "CSV-Interview" */;
			buildPhases = (
				96B807022D3C2FE900CF3B0B /* Sources */,
				96B807032D3C2FE900CF3B0B /* Frameworks */,
				96B807042D3C2FE900CF3B0B /* Resources */,
			);
			buildRules = (
			);
			dependencies = (
			);
			fileSystemSynchronizedGroups = (
				96B807082D3C2FE900CF3B0B /* CSV-Interview */,
			);
			name = "CSV-Interview";
			packageProductDependencies = (
			);
			productName = "CSV-Interview";
			productReference = 96B807062D3C2FE900CF3B0B /* CSV-Interview.app */;
			productType = "com.apple.product-type.application";
		};
		96B807152D3C2FEB00CF3B0B /* CSV-InterviewTests */ = {
			isa = PBXNativeTarget;
			buildConfigurationList = 96B8072D2D3C2FEC00CF3B0B /* Build configuration list for PBXNativeTarget "CSV-InterviewTests" */;
			buildPhases = (
				96B807122D3C2FEB00CF3B0B /* Sources */,
				96B807132D3C2FEB00CF3B0B /* Frameworks */,
				96B807142D3C2FEB00CF3B0B /* Resources */,
			);
			buildRules = (
			);
			dependencies = (
				96B807182D3C2FEB00CF3B0B /* PBXTargetDependency */,
			);
			fileSystemSynchronizedGroups = (
				96B807192D3C2FEB00CF3B0B /* CSV-InterviewTests */,
			);
			name = "CSV-InterviewTests";
			packageProductDependencies = (
			);
			productName = "CSV-InterviewTests";
			productReference = 96B807162D3C2FEB00CF3B0B /* CSV-InterviewTests.xctest */;
			productType = "com.apple.product-type.bundle.unit-test";
		};
		96B8071F2D3C2FEC00CF3B0B /* CSV-InterviewUITests */ = {
			isa = PBXNativeTarget;
			buildConfigurationList = 96B807302D3C2FEC00CF3B0B /* Build configuration list for PBXNativeTarget "CSV-InterviewUITests" */;
			buildPhases = (
				96B8071C2D3C2FEC00CF3B0B /* Sources */,
				96B8071D2D3C2FEC00CF3B0B /* Frameworks */,
				96B8071E2D3C2FEC00CF3B0B /* Resources */,
			);
			buildRules = (
			);
			dependencies = (
				96B807222D3C2FEC00CF3B0B /* PBXTargetDependency */,
			);
			fileSystemSynchronizedGroups = (
				96B807232D3C2FEC00CF3B0B /* CSV-InterviewUITests */,
			);
			name = "CSV-InterviewUITests";
			packageProductDependencies = (
			);
			productName = "CSV-InterviewUITests";
			productReference = 96B807202D3C2FEC00CF3B0B /* CSV-InterviewUITests.xctest */;
			productType = "com.apple.product-type.bundle.ui-testing";
		};
/* End PBXNativeTarget section */

/* Begin PBXProject section */
		96B806FE2D3C2FE900CF3B0B /* Project object */ = {
			isa = PBXProject;
			attributes = {
				BuildIndependentTargetsInParallel = 1;
				LastSwiftUpdateCheck = 1620;
				LastUpgradeCheck = 1620;
				TargetAttributes = {
					96B807052D3C2FE900CF3B0B = {
						CreatedOnToolsVersion = 16.2;
					};
					96B807152D3C2FEB00CF3B0B = {
						CreatedOnToolsVersion = 16.2;
						LastSwiftMigration = 1620;
						TestTargetID = 96B807052D3C2FE900CF3B0B;
					};
					96B8071F2D3C2FEC00CF3B0B = {
						CreatedOnToolsVersion = 16.2;
						TestTargetID = 96B807052D3C2FE900CF3B0B;
					};
				};
			};
			buildConfigurationList = 96B807012D3C2FE900CF3B0B /* Build configuration list for PBXProject "CSV-Interview" */;
			developmentRegion = en;
			hasScannedForEncodings = 0;
			knownRegions = (
				en,
				Base,
			);
			mainGroup = 96B806FD2D3C2FE900CF3B0B;
			minimizedProjectReferenceProxies = 1;
			preferredProjectObjectVersion = 77;
			productRefGroup = 96B807072D3C2FE900CF3B0B /* Products */;
			projectDirPath = "";
			projectRoot = "";
			targets = (
				96B807052D3C2FE900CF3B0B /* CSV-Interview */,
				96B807152D3C2FEB00CF3B0B /* CSV-InterviewTests */,
				96B8071F2D3C2FEC00CF3B0B /* CSV-InterviewUITests */,
			);
		};
/* End PBXProject section */

/* Begin PBXResourcesBuildPhase section */
		96B807042D3C2FE900CF3B0B /* Resources */ = {
			isa = PBXResourcesBuildPhase;
			buildActionMask = 2147483647;
			files = (
			);
			runOnlyForDeploymentPostprocessing = 0;
		};
		96B807142D3C2FEB00CF3B0B /* Resources */ = {
			isa = PBXResourcesBuildPhase;
			buildActionMask = 2147483647;
			files = (
			);
			runOnlyForDeploymentPostprocessing = 0;
		};
		96B8071E2D3C2FEC00CF3B0B /* Resources */ = {
			isa = PBXResourcesBuildPhase;
			buildActionMask = 2147483647;
			files = (
			);
			runOnlyForDeploymentPostprocessing = 0;
		};
/* End PBXResourcesBuildPhase section */

/* Begin PBXSourcesBuildPhase section */
		96B807022D3C2FE900CF3B0B /* Sources */ = {
			isa = PBXSourcesBuildPhase;
			buildActionMask = 2147483647;
			files = (
			);
			runOnlyForDeploymentPostprocessing = 0;
		};
		96B807122D3C2FEB00CF3B0B /* Sources */ = {
			isa = PBXSourcesBuildPhase;
			buildActionMask = 2147483647;
			files = (
			);
			runOnlyForDeploymentPostprocessing = 0;
		};
		96B8071C2D3C2FEC00CF3B0B /* Sources */ = {
			isa = PBXSourcesBuildPhase;
			buildActionMask = 2147483647;
			files = (
			);
			runOnlyForDeploymentPostprocessing = 0;
		};
/* End PBXSourcesBuildPhase section */

/* Begin PBXTargetDependency section */
		96B807182D3C2FEB00CF3B0B /* PBXTargetDependency */ = {
			isa = PBXTargetDependency;
			target = 96B807052D3C2FE900CF3B0B /* CSV-Interview */;
			targetProxy = 96B807172D3C2FEB00CF3B0B /* PBXContainerItemProxy */;
		};
		96B807222D3C2FEC00CF3B0B /* PBXTargetDependency */ = {
			isa = PBXTargetDependency;
			target = 96B807052D3C2FE900CF3B0B /* CSV-Interview */;
			targetProxy = 96B807212D3C2FEC00CF3B0B /* PBXContainerItemProxy */;
		};
/* End PBXTargetDependency section */

/* Begin XCBuildConfiguration section */
		96B807282D3C2FEC00CF3B0B /* Debug */ = {
			isa = XCBuildConfiguration;
			buildSettings = {
				ALWAYS_SEARCH_USER_PATHS = NO;
				ASSETCATALOG_COMPILER_GENERATE_SWIFT_ASSET_SYMBOL_EXTENSIONS = YES;
				CLANG_ANALYZER_NONNULL = YES;
				CLANG_ANALYZER_NUMBER_OBJECT_CONVERSION = YES_AGGRESSIVE;
				CLANG_CXX_LANGUAGE_STANDARD = "gnu++20";
				CLANG_ENABLE_MODULES = YES;
				CLANG_ENABLE_OBJC_ARC = YES;
				CLANG_ENABLE_OBJC_WEAK = YES;
				CLANG_WARN_BLOCK_CAPTURE_AUTORELEASING = YES;
				CLANG_WARN_BOOL_CONVERSION = YES;
				CLANG_WARN_COMMA = YES;
				CLANG_WARN_CONSTANT_CONVERSION = YES;
				CLANG_WARN_DEPRECATED_OBJC_IMPLEMENTATIONS = YES;
				CLANG_WARN_DIRECT_OBJC_ISA_USAGE = YES_ERROR;
				CLANG_WARN_DOCUMENTATION_COMMENTS = YES;
				CLANG_WARN_EMPTY_BODY = YES;
				CLANG_WARN_ENUM_CONVERSION = YES;
				CLANG_WARN_INFINITE_RECURSION = YES;
				CLANG_WARN_INT_CONVERSION = YES;
				CLANG_WARN_NON_LITERAL_NULL_CONVERSION = YES;
				CLANG_WARN_OBJC_IMPLICIT_RETAIN_SELF = YES;
				CLANG_WARN_OBJC_LITERAL_CONVERSION = YES;
				CLANG_WARN_OBJC_ROOT_CLASS = YES_ERROR;
				CLANG_WARN_QUOTED_INCLUDE_IN_FRAMEWORK_HEADER = YES;
				CLANG_WARN_RANGE_LOOP_ANALYSIS = YES;
				CLANG_WARN_STRICT_PROTOTYPES = YES;
				CLANG_WARN_SUSPICIOUS_MOVE = YES;
				CLANG_WARN_UNGUARDED_AVAILABILITY = YES_AGGRESSIVE;
				CLANG_WARN_UNREACHABLE_CODE = YES;
				CLANG_WARN__DUPLICATE_METHOD_MATCH = YES;
				COPY_PHASE_STRIP = NO;
				DEBUG_INFORMATION_FORMAT = dwarf;
				ENABLE_STRICT_OBJC_MSGSEND = YES;
				ENABLE_TESTABILITY = YES;
				ENABLE_USER_SCRIPT_SANDBOXING = YES;
				GCC_C_LANGUAGE_STANDARD = gnu17;
				GCC_DYNAMIC_NO_PIC = NO;
				GCC_NO_COMMON_BLOCKS = YES;
				GCC_OPTIMIZATION_LEVEL = 0;
				GCC_PREPROCESSOR_DEFINITIONS = (
					"DEBUG=1",
					"$(inherited)",
				);
				GCC_WARN_64_TO_32_BIT_CONVERSION = YES;
				GCC_WARN_ABOUT_RETURN_TYPE = YES_ERROR;
				GCC_WARN_UNDECLARED_SELECTOR = YES;
				GCC_WARN_UNINITIALIZED_AUTOS = YES_AGGRESSIVE;
				GCC_WARN_UNUSED_FUNCTION = YES;
				GCC_WARN_UNUSED_VARIABLE = YES;
				IPHONEOS_DEPLOYMENT_TARGET = 18.2;
				LOCALIZATION_PREFERS_STRING_CATALOGS = YES;
				MTL_ENABLE_DEBUG_INFO = INCLUDE_SOURCE;
				MTL_FAST_MATH = YES;
				ONLY_ACTIVE_ARCH = YES;
				SDKROOT = iphoneos;
				SWIFT_ACTIVE_COMPILATION_CONDITIONS = "DEBUG $(inherited)";
				SWIFT_OPTIMIZATION_LEVEL = "-Onone";
			};
			name = Debug;
		};
		96B807292D3C2FEC00CF3B0B /* Release */ = {
			isa = XCBuildConfiguration;
			buildSettings = {
				ALWAYS_SEARCH_USER_PATHS = NO;
				ASSETCATALOG_COMPILER_GENERATE_SWIFT_ASSET_SYMBOL_EXTENSIONS = YES;
				CLANG_ANALYZER_NONNULL = YES;
				CLANG_ANALYZER_NUMBER_OBJECT_CONVERSION = YES_AGGRESSIVE;
				CLANG_CXX_LANGUAGE_STANDARD = "gnu++20";
				CLANG_ENABLE_MODULES = YES;
				CLANG_ENABLE_OBJC_ARC = YES;
				CLANG_ENABLE_OBJC_WEAK = YES;
				CLANG_WARN_BLOCK_CAPTURE_AUTORELEASING = YES;
				CLANG_WARN_BOOL_CONVERSION = YES;
				CLANG_WARN_COMMA = YES;
				CLANG_WARN_CONSTANT_CONVERSION = YES;
				CLANG_WARN_DEPRECATED_OBJC_IMPLEMENTATIONS = YES;
				CLANG_WARN_DIRECT_OBJC_ISA_USAGE = YES_ERROR;
				CLANG_WARN_DOCUMENTATION_COMMENTS = YES;
				CLANG_WARN_EMPTY_BODY = YES;
				CLANG_WARN_ENUM_CONVERSION = YES;
				CLANG_WARN_INFINITE_RECURSION = YES;
				CLANG_WARN_INT_CONVERSION = YES;
				CLANG_WARN_NON_LITERAL_NULL_CONVERSION = YES;
				CLANG_WARN_OBJC_IMPLICIT_RETAIN_SELF = YES;
				CLANG_WARN_OBJC_LITERAL_CONVERSION = YES;
				CLANG_WARN_OBJC_ROOT_CLASS = YES_ERROR;
				CLANG_WARN_QUOTED_INCLUDE_IN_FRAMEWORK_HEADER = YES;
				CLANG_WARN_RANGE_LOOP_ANALYSIS = YES;
				CLANG_WARN_STRICT_PROTOTYPES = YES;
				CLANG_WARN_SUSPICIOUS_MOVE = YES;
				CLANG_WARN_UNGUARDED_AVAILABILITY = YES_AGGRESSIVE;
				CLANG_WARN_UNREACHABLE_CODE = YES;
				CLANG_WARN__DUPLICATE_METHOD_MATCH = YES;
				COPY_PHASE_STRIP = NO;
				DEBUG_INFORMATION_FORMAT = "dwarf-with-dsym";
				ENABLE_NS_ASSERTIONS = NO;
				ENABLE_STRICT_OBJC_MSGSEND = YES;
				ENABLE_USER_SCRIPT_SANDBOXING = YES;
				GCC_C_LANGUAGE_STANDARD = gnu17;
				GCC_NO_COMMON_BLOCKS = YES;
				GCC_WARN_64_TO_32_BIT_CONVERSION = YES;
				GCC_WARN_ABOUT_RETURN_TYPE = YES_ERROR;
				GCC_WARN_UNDECLARED_SELECTOR = YES;
				GCC_WARN_UNINITIALIZED_AUTOS = YES_AGGRESSIVE;
				GCC_WARN_UNUSED_FUNCTION = YES;
				GCC_WARN_UNUSED_VARIABLE = YES;
				IPHONEOS_DEPLOYMENT_TARGET = 18.2;
				LOCALIZATION_PREFERS_STRING_CATALOGS = YES;
				MTL_ENABLE_DEBUG_INFO = NO;
				MTL_FAST_MATH = YES;
				SDKROOT = iphoneos;
				SWIFT_COMPILATION_MODE = wholemodule;
				VALIDATE_PRODUCT = YES;
			};
			name = Release;
		};
		96B8072B2D3C2FEC00CF3B0B /* Debug */ = {
			isa = XCBuildConfiguration;
			buildSettings = {
				ASSETCATALOG_COMPILER_APPICON_NAME = AppIcon;
				ASSETCATALOG_COMPILER_GLOBAL_ACCENT_COLOR_NAME = AccentColor;
				CODE_SIGN_STYLE = Automatic;
				CURRENT_PROJECT_VERSION = 1;
				DEVELOPMENT_ASSET_PATHS = "\"CSV-Interview/Preview Content\"";
				DEVELOPMENT_TEAM = N63WMA8228;
				ENABLE_PREVIEWS = YES;
				GENERATE_INFOPLIST_FILE = YES;
				INFOPLIST_KEY_UIApplicationSceneManifest_Generation = YES;
				INFOPLIST_KEY_UIApplicationSupportsIndirectInputEvents = YES;
				INFOPLIST_KEY_UILaunchScreen_Generation = YES;
				INFOPLIST_KEY_UISupportedInterfaceOrientations_iPad = "UIInterfaceOrientationPortrait UIInterfaceOrientationPortraitUpsideDown UIInterfaceOrientationLandscapeLeft UIInterfaceOrientationLandscapeRight";
				INFOPLIST_KEY_UISupportedInterfaceOrientations_iPhone = "UIInterfaceOrientationPortrait UIInterfaceOrientationLandscapeLeft UIInterfaceOrientationLandscapeRight";
				LD_RUNPATH_SEARCH_PATHS = (
					"$(inherited)",
					"@executable_path/Frameworks",
				);
				MARKETING_VERSION = 1.0;
				PRODUCT_BUNDLE_IDENTIFIER = "com.lucasbighi.CSV-Interview";
				PRODUCT_NAME = "$(TARGET_NAME)";
				SWIFT_EMIT_LOC_STRINGS = YES;
				SWIFT_VERSION = 5.0;
				TARGETED_DEVICE_FAMILY = "1,2";
			};
			name = Debug;
		};
		96B8072C2D3C2FEC00CF3B0B /* Release */ = {
			isa = XCBuildConfiguration;
			buildSettings = {
				ASSETCATALOG_COMPILER_APPICON_NAME = AppIcon;
				ASSETCATALOG_COMPILER_GLOBAL_ACCENT_COLOR_NAME = AccentColor;
				CODE_SIGN_STYLE = Automatic;
				CURRENT_PROJECT_VERSION = 1;
				DEVELOPMENT_ASSET_PATHS = "\"CSV-Interview/Preview Content\"";
				DEVELOPMENT_TEAM = N63WMA8228;
				ENABLE_PREVIEWS = YES;
				GENERATE_INFOPLIST_FILE = YES;
				INFOPLIST_KEY_UIApplicationSceneManifest_Generation = YES;
				INFOPLIST_KEY_UIApplicationSupportsIndirectInputEvents = YES;
				INFOPLIST_KEY_UILaunchScreen_Generation = YES;
				INFOPLIST_KEY_UISupportedInterfaceOrientations_iPad = "UIInterfaceOrientationPortrait UIInterfaceOrientationPortraitUpsideDown UIInterfaceOrientationLandscapeLeft UIInterfaceOrientationLandscapeRight";
				INFOPLIST_KEY_UISupportedInterfaceOrientations_iPhone = "UIInterfaceOrientationPortrait UIInterfaceOrientationLandscapeLeft UIInterfaceOrientationLandscapeRight";
				LD_RUNPATH_SEARCH_PATHS = (
					"$(inherited)",
					"@executable_path/Frameworks",
				);
				MARKETING_VERSION = 1.0;
				PRODUCT_BUNDLE_IDENTIFIER = "com.lucasbighi.CSV-Interview";
				PRODUCT_NAME = "$(TARGET_NAME)";
				SWIFT_EMIT_LOC_STRINGS = YES;
				SWIFT_VERSION = 5.0;
				TARGETED_DEVICE_FAMILY = "1,2";
			};
			name = Release;
		};
		96B8072E2D3C2FEC00CF3B0B /* Debug */ = {
			isa = XCBuildConfiguration;
			buildSettings = {
				BUNDLE_LOADER = "$(TEST_HOST)";
				CLANG_ENABLE_MODULES = YES;
				CODE_SIGN_STYLE = Automatic;
				CURRENT_PROJECT_VERSION = 1;
				DEVELOPMENT_TEAM = N63WMA8228;
				GENERATE_INFOPLIST_FILE = YES;
				IPHONEOS_DEPLOYMENT_TARGET = 18.2;
				MARKETING_VERSION = 1.0;
				PRODUCT_BUNDLE_IDENTIFIER = "com.lucasbighi.CSV-InterviewTests";
				PRODUCT_NAME = "$(TARGET_NAME)";
				SWIFT_EMIT_LOC_STRINGS = NO;
				SWIFT_OPTIMIZATION_LEVEL = "-Onone";
				SWIFT_VERSION = 5.0;
				TARGETED_DEVICE_FAMILY = "1,2";
				TEST_HOST = "$(BUILT_PRODUCTS_DIR)/CSV-Interview.app/$(BUNDLE_EXECUTABLE_FOLDER_PATH)/CSV-Interview";
			};
			name = Debug;
		};
		96B8072F2D3C2FEC00CF3B0B /* Release */ = {
			isa = XCBuildConfiguration;
			buildSettings = {
				BUNDLE_LOADER = "$(TEST_HOST)";
				CLANG_ENABLE_MODULES = YES;
				CODE_SIGN_STYLE = Automatic;
				CURRENT_PROJECT_VERSION = 1;
				DEVELOPMENT_TEAM = N63WMA8228;
				GENERATE_INFOPLIST_FILE = YES;
				IPHONEOS_DEPLOYMENT_TARGET = 18.2;
				MARKETING_VERSION = 1.0;
				PRODUCT_BUNDLE_IDENTIFIER = "com.lucasbighi.CSV-InterviewTests";
				PRODUCT_NAME = "$(TARGET_NAME)";
				SWIFT_EMIT_LOC_STRINGS = NO;
				SWIFT_VERSION = 5.0;
				TARGETED_DEVICE_FAMILY = "1,2";
				TEST_HOST = "$(BUILT_PRODUCTS_DIR)/CSV-Interview.app/$(BUNDLE_EXECUTABLE_FOLDER_PATH)/CSV-Interview";
			};
			name = Release;
		};
		96B807312D3C2FEC00CF3B0B /* Debug */ = {
			isa = XCBuildConfiguration;
			buildSettings = {
				CODE_SIGN_STYLE = Automatic;
				CURRENT_PROJECT_VERSION = 1;
				DEVELOPMENT_TEAM = N63WMA8228;
				GENERATE_INFOPLIST_FILE = YES;
				MARKETING_VERSION = 1.0;
				PRODUCT_BUNDLE_IDENTIFIER = "com.lucasbighi.CSV-InterviewUITests";
				PRODUCT_NAME = "$(TARGET_NAME)";
				SWIFT_EMIT_LOC_STRINGS = NO;
				SWIFT_VERSION = 5.0;
				TARGETED_DEVICE_FAMILY = "1,2";
				TEST_TARGET_NAME = "CSV-Interview";
			};
			name = Debug;
		};
		96B807322D3C2FEC00CF3B0B /* Release */ = {
			isa = XCBuildConfiguration;
			buildSettings = {
				CODE_SIGN_STYLE = Automatic;
				CURRENT_PROJECT_VERSION = 1;
				DEVELOPMENT_TEAM = N63WMA8228;
				GENERATE_INFOPLIST_FILE = YES;
				MARKETING_VERSION = 1.0;
				PRODUCT_BUNDLE_IDENTIFIER = "com.lucasbighi.CSV-InterviewUITests";
				PRODUCT_NAME = "$(TARGET_NAME)";
				SWIFT_EMIT_LOC_STRINGS = NO;
				SWIFT_VERSION = 5.0;
				TARGETED_DEVICE_FAMILY = "1,2";
				TEST_TARGET_NAME = "CSV-Interview";
			};
			name = Release;
		};
/* End XCBuildConfiguration section */

/* Begin XCConfigurationList section */
		96B807012D3C2FE900CF3B0B /* Build configuration list for PBXProject "CSV-Interview" */ = {
			isa = XCConfigurationList;
			buildConfigurations = (
				96B807282D3C2FEC00CF3B0B /* Debug */,
				96B807292D3C2FEC00CF3B0B /* Release */,
			);
			defaultConfigurationIsVisible = 0;
			defaultConfigurationName = Release;
		};
		96B8072A2D3C2FEC00CF3B0B /* Build configuration list for PBXNativeTarget "CSV-Interview" */ = {
			isa = XCConfigurationList;
			buildConfigurations = (
				96B8072B2D3C2FEC00CF3B0B /* Debug */,
				96B8072C2D3C2FEC00CF3B0B /* Release */,
			);
			defaultConfigurationIsVisible = 0;
			defaultConfigurationName = Release;
		};
		96B8072D2D3C2FEC00CF3B0B /* Build configuration list for PBXNativeTarget "CSV-InterviewTests" */ = {
			isa = XCConfigurationList;
			buildConfigurations = (
				96B8072E2D3C2FEC00CF3B0B /* Debug */,
				96B8072F2D3C2FEC00CF3B0B /* Release */,
			);
			defaultConfigurationIsVisible = 0;
			defaultConfigurationName = Release;
		};
		96B807302D3C2FEC00CF3B0B /* Build configuration list for PBXNativeTarget "CSV-InterviewUITests" */ = {
			isa = XCConfigurationList;
			buildConfigurations = (
				96B807312D3C2FEC00CF3B0B /* Debug */,
				96B807322D3C2FEC00CF3B0B /* Release */,
			);
			defaultConfigurationIsVisible = 0;
			defaultConfigurationName = Release;
		};
/* End XCConfigurationList section */
	};
	rootObject = 96B806FE2D3C2FE900CF3B0B /* Project object */;
}
